// !$*UTF8*$!
{
	archiveVersion = 1;
	classes = {
	};
	objectVersion = 56;
	objects = {

/* Begin PBXBuildFile section */
		C11B5AC52C1EB5B3001F499F /* ClipboardWindowView.swift in Sources */ = {isa = PBXBuildFile; fileRef = C11B5AC42C1EB5B3001F499F /* ClipboardWindowView.swift */; };
		C11B5AC72C1EB5DC001F499F /* ClipboardWindowController.swift in Sources */ = {isa = PBXBuildFile; fileRef = C11B5AC62C1EB5DC001F499F /* ClipboardWindowController.swift */; };
		C11B5AC92C1EB751001F499F /* ClipboardAppDelegate.swift in Sources */ = {isa = PBXBuildFile; fileRef = C11B5AC82C1EB751001F499F /* ClipboardAppDelegate.swift */; };
		C1E314232C1DCFB100DB0FA9 /* MacEnhanceApp.swift in Sources */ = {isa = PBXBuildFile; fileRef = C1E314222C1DCFB100DB0FA9 /* MacEnhanceApp.swift */; };
		C1E314252C1DCFB100DB0FA9 /* ContentView.swift in Sources */ = {isa = PBXBuildFile; fileRef = C1E314242C1DCFB100DB0FA9 /* ContentView.swift */; };
		C1E314272C1DCFB400DB0FA9 /* Assets.xcassets in Resources */ = {isa = PBXBuildFile; fileRef = C1E314262C1DCFB400DB0FA9 /* Assets.xcassets */; };
		C1E3142A2C1DCFB400DB0FA9 /* Preview Assets.xcassets in Resources */ = {isa = PBXBuildFile; fileRef = C1E314292C1DCFB400DB0FA9 /* Preview Assets.xcassets */; };
		C1E3142C2C1DCFB400DB0FA9 /* Persistence.swift in Sources */ = {isa = PBXBuildFile; fileRef = C1E3142B2C1DCFB400DB0FA9 /* Persistence.swift */; };
		C1E3142F2C1DCFB400DB0FA9 /* MacEnhance.xcdatamodeld in Sources */ = {isa = PBXBuildFile; fileRef = C1E3142D2C1DCFB400DB0FA9 /* MacEnhance.xcdatamodeld */; };
		C1E314372C1DD03F00DB0FA9 /* ClipboardItem.swift in Sources */ = {isa = PBXBuildFile; fileRef = C1E314362C1DD03F00DB0FA9 /* ClipboardItem.swift */; };
		C1E314392C1DD07600DB0FA9 /* ClipboardViewModel.swift in Sources */ = {isa = PBXBuildFile; fileRef = C1E314382C1DD07600DB0FA9 /* ClipboardViewModel.swift */; };
		C1E3143B2C1DD7D900DB0FA9 /* Sidebar.swift in Sources */ = {isa = PBXBuildFile; fileRef = C1E3143A2C1DD7D900DB0FA9 /* Sidebar.swift */; };
		C1E3143D2C1DD7FC00DB0FA9 /* Clippyview.swift in Sources */ = {isa = PBXBuildFile; fileRef = C1E3143C2C1DD7FC00DB0FA9 /* Clippyview.swift */; };
/* End PBXBuildFile section */

/* Begin PBXFileReference section */
		C11B5AC42C1EB5B3001F499F /* ClipboardWindowView.swift */ = {isa = PBXFileReference; lastKnownFileType = sourcecode.swift; path = ClipboardWindowView.swift; sourceTree = "<group>"; };
		C11B5AC62C1EB5DC001F499F /* ClipboardWindowController.swift */ = {isa = PBXFileReference; lastKnownFileType = sourcecode.swift; path = ClipboardWindowController.swift; sourceTree = "<group>"; };
		C11B5AC82C1EB751001F499F /* ClipboardAppDelegate.swift */ = {isa = PBXFileReference; lastKnownFileType = sourcecode.swift; path = ClipboardAppDelegate.swift; sourceTree = "<group>"; };
		C1E3141F2C1DCFB100DB0FA9 /* MacEnhance.app */ = {isa = PBXFileReference; explicitFileType = wrapper.application; includeInIndex = 0; path = MacEnhance.app; sourceTree = BUILT_PRODUCTS_DIR; };
		C1E314222C1DCFB100DB0FA9 /* MacEnhanceApp.swift */ = {isa = PBXFileReference; lastKnownFileType = sourcecode.swift; path = MacEnhanceApp.swift; sourceTree = "<group>"; };
		C1E314242C1DCFB100DB0FA9 /* ContentView.swift */ = {isa = PBXFileReference; lastKnownFileType = sourcecode.swift; path = ContentView.swift; sourceTree = "<group>"; };
		C1E314262C1DCFB400DB0FA9 /* Assets.xcassets */ = {isa = PBXFileReference; lastKnownFileType = folder.assetcatalog; path = Assets.xcassets; sourceTree = "<group>"; };
		C1E314292C1DCFB400DB0FA9 /* Preview Assets.xcassets */ = {isa = PBXFileReference; lastKnownFileType = folder.assetcatalog; path = "Preview Assets.xcassets"; sourceTree = "<group>"; };
		C1E3142B2C1DCFB400DB0FA9 /* Persistence.swift */ = {isa = PBXFileReference; lastKnownFileType = sourcecode.swift; path = Persistence.swift; sourceTree = "<group>"; };
		C1E3142E2C1DCFB400DB0FA9 /* MacEnhance.xcdatamodel */ = {isa = PBXFileReference; lastKnownFileType = wrapper.xcdatamodel; path = MacEnhance.xcdatamodel; sourceTree = "<group>"; };
		C1E314302C1DCFB400DB0FA9 /* MacEnhance.entitlements */ = {isa = PBXFileReference; lastKnownFileType = text.plist.entitlements; path = MacEnhance.entitlements; sourceTree = "<group>"; };
		C1E314362C1DD03F00DB0FA9 /* ClipboardItem.swift */ = {isa = PBXFileReference; lastKnownFileType = sourcecode.swift; path = ClipboardItem.swift; sourceTree = "<group>"; };
		C1E314382C1DD07600DB0FA9 /* ClipboardViewModel.swift */ = {isa = PBXFileReference; lastKnownFileType = sourcecode.swift; path = ClipboardViewModel.swift; sourceTree = "<group>"; };
		C1E3143A2C1DD7D900DB0FA9 /* Sidebar.swift */ = {isa = PBXFileReference; lastKnownFileType = sourcecode.swift; path = Sidebar.swift; sourceTree = "<group>"; };
		C1E3143C2C1DD7FC00DB0FA9 /* Clippyview.swift */ = {isa = PBXFileReference; lastKnownFileType = sourcecode.swift; path = Clippyview.swift; sourceTree = "<group>"; };
/* End PBXFileReference section */

/* Begin PBXFrameworksBuildPhase section */
		C1E3141C2C1DCFB100DB0FA9 /* Frameworks */ = {
			isa = PBXFrameworksBuildPhase;
			buildActionMask = 2147483647;
			files = (
			);
			runOnlyForDeploymentPostprocessing = 0;
		};
/* End PBXFrameworksBuildPhase section */

/* Begin PBXGroup section */
		C1E314162C1DCFB100DB0FA9 = {
			isa = PBXGroup;
			children = (
				C11B5AC42C1EB5B3001F499F /* ClipboardWindowView.swift */,
				C11B5AC62C1EB5DC001F499F /* ClipboardWindowController.swift */,
				C11B5AC82C1EB751001F499F /* ClipboardAppDelegate.swift */,
				C1E3143A2C1DD7D900DB0FA9 /* Sidebar.swift */,
				C1E3143C2C1DD7FC00DB0FA9 /* Clippyview.swift */,
				C1E314212C1DCFB100DB0FA9 /* MacEnhance */,
				C1E314202C1DCFB100DB0FA9 /* Products */,
			);
			sourceTree = "<group>";
		};
		C1E314202C1DCFB100DB0FA9 /* Products */ = {
			isa = PBXGroup;
			children = (
				C1E3141F2C1DCFB100DB0FA9 /* MacEnhance.app */,
			);
			name = Products;
			sourceTree = "<group>";
		};
		C1E314212C1DCFB100DB0FA9 /* MacEnhance */ = {
			isa = PBXGroup;
			children = (
				C1E314222C1DCFB100DB0FA9 /* MacEnhanceApp.swift */,
				C1E314362C1DD03F00DB0FA9 /* ClipboardItem.swift */,
				C1E314382C1DD07600DB0FA9 /* ClipboardViewModel.swift */,
				C1E314242C1DCFB100DB0FA9 /* ContentView.swift */,
				C1E314262C1DCFB400DB0FA9 /* Assets.xcassets */,
				C1E3142B2C1DCFB400DB0FA9 /* Persistence.swift */,
				C1E314302C1DCFB400DB0FA9 /* MacEnhance.entitlements */,
				C1E3142D2C1DCFB400DB0FA9 /* MacEnhance.xcdatamodeld */,
				C1E314282C1DCFB400DB0FA9 /* Preview Content */,
			);
			path = MacEnhance;
			sourceTree = "<group>";
		};
		C1E314282C1DCFB400DB0FA9 /* Preview Content */ = {
			isa = PBXGroup;
			children = (
				C1E314292C1DCFB400DB0FA9 /* Preview Assets.xcassets */,
			);
			path = "Preview Content";
			sourceTree = "<group>";
		};
/* End PBXGroup section */

/* Begin PBXNativeTarget section */
		C1E3141E2C1DCFB100DB0FA9 /* MacEnhance */ = {
			isa = PBXNativeTarget;
			buildConfigurationList = C1E314332C1DCFB400DB0FA9 /* Build configuration list for PBXNativeTarget "MacEnhance" */;
			buildPhases = (
				C1E3141B2C1DCFB100DB0FA9 /* Sources */,
				C1E3141C2C1DCFB100DB0FA9 /* Frameworks */,
				C1E3141D2C1DCFB100DB0FA9 /* Resources */,
			);
			buildRules = (
			);
			dependencies = (
			);
			name = MacEnhance;
			productName = MacEnhance;
			productReference = C1E3141F2C1DCFB100DB0FA9 /* MacEnhance.app */;
			productType = "com.apple.product-type.application";
		};
/* End PBXNativeTarget section */

/* Begin PBXProject section */
		C1E314172C1DCFB100DB0FA9 /* Project object */ = {
			isa = PBXProject;
			attributes = {
				BuildIndependentTargetsInParallel = 1;
				LastSwiftUpdateCheck = 1540;
				LastUpgradeCheck = 1540;
				TargetAttributes = {
					C1E3141E2C1DCFB100DB0FA9 = {
						CreatedOnToolsVersion = 15.4;
					};
				};
			};
			buildConfigurationList = C1E3141A2C1DCFB100DB0FA9 /* Build configuration list for PBXProject "MacEnhance" */;
			compatibilityVersion = "Xcode 14.0";
			developmentRegion = en;
			hasScannedForEncodings = 0;
			knownRegions = (
				en,
				Base,
			);
			mainGroup = C1E314162C1DCFB100DB0FA9;
			productRefGroup = C1E314202C1DCFB100DB0FA9 /* Products */;
			projectDirPath = "";
			projectRoot = "";
			targets = (
				C1E3141E2C1DCFB100DB0FA9 /* MacEnhance */,
			);
		};
/* End PBXProject section */

/* Begin PBXResourcesBuildPhase section */
		C1E3141D2C1DCFB100DB0FA9 /* Resources */ = {
			isa = PBXResourcesBuildPhase;
			buildActionMask = 2147483647;
			files = (
				C1E3142A2C1DCFB400DB0FA9 /* Preview Assets.xcassets in Resources */,
				C1E314272C1DCFB400DB0FA9 /* Assets.xcassets in Resources */,
			);
			runOnlyForDeploymentPostprocessing = 0;
		};
/* End PBXResourcesBuildPhase section */

/* Begin PBXSourcesBuildPhase section */
		C1E3141B2C1DCFB100DB0FA9 /* Sources */ = {
			isa = PBXSourcesBuildPhase;
			buildActionMask = 2147483647;
			files = (
				C1E314372C1DD03F00DB0FA9 /* ClipboardItem.swift in Sources */,
				C1E3142C2C1DCFB400DB0FA9 /* Persistence.swift in Sources */,
				C1E314252C1DCFB100DB0FA9 /* ContentView.swift in Sources */,
				C11B5AC52C1EB5B3001F499F /* ClipboardWindowView.swift in Sources */,
				C1E3142F2C1DCFB400DB0FA9 /* MacEnhance.xcdatamodeld in Sources */,
				C1E314232C1DCFB100DB0FA9 /* MacEnhanceApp.swift in Sources */,
				C1E3143B2C1DD7D900DB0FA9 /* Sidebar.swift in Sources */,
				C11B5AC92C1EB751001F499F /* ClipboardAppDelegate.swift in Sources */,
				C1E314392C1DD07600DB0FA9 /* ClipboardViewModel.swift in Sources */,
				C1E3143D2C1DD7FC00DB0FA9 /* Clippyview.swift in Sources */,
				C11B5AC72C1EB5DC001F499F /* ClipboardWindowController.swift in Sources */,
			);
			runOnlyForDeploymentPostprocessing = 0;
		};
/* End PBXSourcesBuildPhase section */

/* Begin XCBuildConfiguration section */
		C1E314312C1DCFB400DB0FA9 /* Debug */ = {
			isa = XCBuildConfiguration;
			buildSettings = {
				ALWAYS_SEARCH_USER_PATHS = NO;
				ASSETCATALOG_COMPILER_GENERATE_SWIFT_ASSET_SYMBOL_EXTENSIONS = YES;
				CLANG_ANALYZER_NONNULL = YES;
				CLANG_ANALYZER_NUMBER_OBJECT_CONVERSION = YES_AGGRESSIVE;
				CLANG_CXX_LANGUAGE_STANDARD = "gnu++20";
				CLANG_ENABLE_MODULES = YES;
				CLANG_ENABLE_OBJC_ARC = YES;
				CLANG_ENABLE_OBJC_WEAK = YES;
				CLANG_WARN_BLOCK_CAPTURE_AUTORELEASING = YES;
				CLANG_WARN_BOOL_CONVERSION = YES;
				CLANG_WARN_COMMA = YES;
				CLANG_WARN_CONSTANT_CONVERSION = YES;
				CLANG_WARN_DEPRECATED_OBJC_IMPLEMENTATIONS = YES;
				CLANG_WARN_DIRECT_OBJC_ISA_USAGE = YES_ERROR;
				CLANG_WARN_DOCUMENTATION_COMMENTS = YES;
				CLANG_WARN_EMPTY_BODY = YES;
				CLANG_WARN_ENUM_CONVERSION = YES;
				CLANG_WARN_INFINITE_RECURSION = YES;
				CLANG_WARN_INT_CONVERSION = YES;
				CLANG_WARN_NON_LITERAL_NULL_CONVERSION = YES;
				CLANG_WARN_OBJC_IMPLICIT_RETAIN_SELF = YES;
				CLANG_WARN_OBJC_LITERAL_CONVERSION = YES;
				CLANG_WARN_OBJC_ROOT_CLASS = YES_ERROR;
				CLANG_WARN_QUOTED_INCLUDE_IN_FRAMEWORK_HEADER = YES;
				CLANG_WARN_RANGE_LOOP_ANALYSIS = YES;
				CLANG_WARN_STRICT_PROTOTYPES = YES;
				CLANG_WARN_SUSPICIOUS_MOVE = YES;
				CLANG_WARN_UNGUARDED_AVAILABILITY = YES_AGGRESSIVE;
				CLANG_WARN_UNREACHABLE_CODE = YES;
				CLANG_WARN__DUPLICATE_METHOD_MATCH = YES;
				COPY_PHASE_STRIP = NO;
				DEBUG_INFORMATION_FORMAT = dwarf;
				ENABLE_STRICT_OBJC_MSGSEND = YES;
				ENABLE_TESTABILITY = YES;
				ENABLE_USER_SCRIPT_SANDBOXING = YES;
				GCC_C_LANGUAGE_STANDARD = gnu17;
				GCC_DYNAMIC_NO_PIC = NO;
				GCC_NO_COMMON_BLOCKS = YES;
				GCC_OPTIMIZATION_LEVEL = 0;
				GCC_PREPROCESSOR_DEFINITIONS = (
					"DEBUG=1",
					"$(inherited)",
				);
				GCC_WARN_64_TO_32_BIT_CONVERSION = YES;
				GCC_WARN_ABOUT_RETURN_TYPE = YES_ERROR;
				GCC_WARN_UNDECLARED_SELECTOR = YES;
				GCC_WARN_UNINITIALIZED_AUTOS = YES_AGGRESSIVE;
				GCC_WARN_UNUSED_FUNCTION = YES;
				GCC_WARN_UNUSED_VARIABLE = YES;
				LOCALIZATION_PREFERS_STRING_CATALOGS = YES;
				MACOSX_DEPLOYMENT_TARGET = 14.5;
				MTL_ENABLE_DEBUG_INFO = INCLUDE_SOURCE;
				MTL_FAST_MATH = YES;
				ONLY_ACTIVE_ARCH = YES;
				SDKROOT = macosx;
				SWIFT_ACTIVE_COMPILATION_CONDITIONS = "DEBUG $(inherited)";
				SWIFT_OPTIMIZATION_LEVEL = "-Onone";
			};
			name = Debug;
		};
		C1E314322C1DCFB400DB0FA9 /* Release */ = {
			isa = XCBuildConfiguration;
			buildSettings = {
				ALWAYS_SEARCH_USER_PATHS = NO;
				ASSETCATALOG_COMPILER_GENERATE_SWIFT_ASSET_SYMBOL_EXTENSIONS = YES;
				CLANG_ANALYZER_NONNULL = YES;
				CLANG_ANALYZER_NUMBER_OBJECT_CONVERSION = YES_AGGRESSIVE;
				CLANG_CXX_LANGUAGE_STANDARD = "gnu++20";
				CLANG_ENABLE_MODULES = YES;
				CLANG_ENABLE_OBJC_ARC = YES;
				CLANG_ENABLE_OBJC_WEAK = YES;
				CLANG_WARN_BLOCK_CAPTURE_AUTORELEASING = YES;
				CLANG_WARN_BOOL_CONVERSION = YES;
				CLANG_WARN_COMMA = YES;
				CLANG_WARN_CONSTANT_CONVERSION = YES;
				CLANG_WARN_DEPRECATED_OBJC_IMPLEMENTATIONS = YES;
				CLANG_WARN_DIRECT_OBJC_ISA_USAGE = YES_ERROR;
				CLANG_WARN_DOCUMENTATION_COMMENTS = YES;
				CLANG_WARN_EMPTY_BODY = YES;
				CLANG_WARN_ENUM_CONVERSION = YES;
				CLANG_WARN_INFINITE_RECURSION = YES;
				CLANG_WARN_INT_CONVERSION = YES;
				CLANG_WARN_NON_LITERAL_NULL_CONVERSION = YES;
				CLANG_WARN_OBJC_IMPLICIT_RETAIN_SELF = YES;
				CLANG_WARN_OBJC_LITERAL_CONVERSION = YES;
				CLANG_WARN_OBJC_ROOT_CLASS = YES_ERROR;
				CLANG_WARN_QUOTED_INCLUDE_IN_FRAMEWORK_HEADER = YES;
				CLANG_WARN_RANGE_LOOP_ANALYSIS = YES;
				CLANG_WARN_STRICT_PROTOTYPES = YES;
				CLANG_WARN_SUSPICIOUS_MOVE = YES;
				CLANG_WARN_UNGUARDED_AVAILABILITY = YES_AGGRESSIVE;
				CLANG_WARN_UNREACHABLE_CODE = YES;
				CLANG_WARN__DUPLICATE_METHOD_MATCH = YES;
				COPY_PHASE_STRIP = NO;
				DEBUG_INFORMATION_FORMAT = "dwarf-with-dsym";
				ENABLE_NS_ASSERTIONS = NO;
				ENABLE_STRICT_OBJC_MSGSEND = YES;
				ENABLE_USER_SCRIPT_SANDBOXING = YES;
				GCC_C_LANGUAGE_STANDARD = gnu17;
				GCC_NO_COMMON_BLOCKS = YES;
				GCC_WARN_64_TO_32_BIT_CONVERSION = YES;
				GCC_WARN_ABOUT_RETURN_TYPE = YES_ERROR;
				GCC_WARN_UNDECLARED_SELECTOR = YES;
				GCC_WARN_UNINITIALIZED_AUTOS = YES_AGGRESSIVE;
				GCC_WARN_UNUSED_FUNCTION = YES;
				GCC_WARN_UNUSED_VARIABLE = YES;
				LOCALIZATION_PREFERS_STRING_CATALOGS = YES;
				MACOSX_DEPLOYMENT_TARGET = 14.5;
				MTL_ENABLE_DEBUG_INFO = NO;
				MTL_FAST_MATH = YES;
				SDKROOT = macosx;
				SWIFT_COMPILATION_MODE = wholemodule;
			};
			name = Release;
		};
		C1E314342C1DCFB400DB0FA9 /* Debug */ = {
			isa = XCBuildConfiguration;
			buildSettings = {
				ASSETCATALOG_COMPILER_APPICON_NAME = AppIcon;
				ASSETCATALOG_COMPILER_GLOBAL_ACCENT_COLOR_NAME = AccentColor;
				CODE_SIGN_ENTITLEMENTS = MacEnhance/MacEnhance.entitlements;
				CODE_SIGN_STYLE = Automatic;
				COMBINE_HIDPI_IMAGES = YES;
				CURRENT_PROJECT_VERSION = 1;
				DEVELOPMENT_ASSET_PATHS = "\"MacEnhance/Preview Content\"";
				DEVELOPMENT_TEAM = 53R9CTVD2X;
				ENABLE_HARDENED_RUNTIME = YES;
				ENABLE_PREVIEWS = YES;
				GENERATE_INFOPLIST_FILE = YES;
				INFOPLIST_KEY_NSHumanReadableCopyright = "";
				LD_RUNPATH_SEARCH_PATHS = (
					"$(inherited)",
					"@executable_path/../Frameworks",
				);
				MARKETING_VERSION = 1.0;
				PRODUCT_BUNDLE_IDENTIFIER = com.cortehz.MacEnhance;
				PRODUCT_NAME = "$(TARGET_NAME)";
				SWIFT_EMIT_LOC_STRINGS = YES;
				SWIFT_VERSION = 5.0;
			};
			name = Debug;
		};
		C1E314352C1DCFB400DB0FA9 /* Release */ = {
			isa = XCBuildConfiguration;
			buildSettings = {
				ASSETCATALOG_COMPILER_APPICON_NAME = AppIcon;
				ASSETCATALOG_COMPILER_GLOBAL_ACCENT_COLOR_NAME = AccentColor;
				CODE_SIGN_ENTITLEMENTS = MacEnhance/MacEnhance.entitlements;
				CODE_SIGN_STYLE = Automatic;
				COMBINE_HIDPI_IMAGES = YES;
				CURRENT_PROJECT_VERSION = 1;
				DEVELOPMENT_ASSET_PATHS = "\"MacEnhance/Preview Content\"";
				DEVELOPMENT_TEAM = 53R9CTVD2X;
				ENABLE_HARDENED_RUNTIME = YES;
				ENABLE_PREVIEWS = YES;
				GENERATE_INFOPLIST_FILE = YES;
				INFOPLIST_KEY_NSHumanReadableCopyright = "";
				LD_RUNPATH_SEARCH_PATHS = (
					"$(inherited)",
					"@executable_path/../Frameworks",
				);
				MARKETING_VERSION = 1.0;
				PRODUCT_BUNDLE_IDENTIFIER = com.cortehz.MacEnhance;
				PRODUCT_NAME = "$(TARGET_NAME)";
				SWIFT_EMIT_LOC_STRINGS = YES;
				SWIFT_VERSION = 5.0;
			};
			name = Release;
		};
/* End XCBuildConfiguration section */

/* Begin XCConfigurationList section */
		C1E3141A2C1DCFB100DB0FA9 /* Build configuration list for PBXProject "MacEnhance" */ = {
			isa = XCConfigurationList;
			buildConfigurations = (
				C1E314312C1DCFB400DB0FA9 /* Debug */,
				C1E314322C1DCFB400DB0FA9 /* Release */,
			);
			defaultConfigurationIsVisible = 0;
			defaultConfigurationName = Release;
		};
		C1E314332C1DCFB400DB0FA9 /* Build configuration list for PBXNativeTarget "MacEnhance" */ = {
			isa = XCConfigurationList;
			buildConfigurations = (
				C1E314342C1DCFB400DB0FA9 /* Debug */,
				C1E314352C1DCFB400DB0FA9 /* Release */,
			);
			defaultConfigurationIsVisible = 0;
			defaultConfigurationName = Release;
		};
/* End XCConfigurationList section */

/* Begin XCVersionGroup section */
		C1E3142D2C1DCFB400DB0FA9 /* MacEnhance.xcdatamodeld */ = {
			isa = XCVersionGroup;
			children = (
				C1E3142E2C1DCFB400DB0FA9 /* MacEnhance.xcdatamodel */,
			);
			currentVersion = C1E3142E2C1DCFB400DB0FA9 /* MacEnhance.xcdatamodel */;
			path = MacEnhance.xcdatamodeld;
			sourceTree = "<group>";
			versionGroupType = wrapper.xcdatamodel;
		};
/* End XCVersionGroup section */
	};
	rootObject = C1E314172C1DCFB100DB0FA9 /* Project object */;
}
